
Microsoft Visual Studio Solution File, Format Version 12.00
# Visual Studio 15
VisualStudioVersion = 15.0.27703.2035
MinimumVisualStudioVersion = 10.0.40219.1
Project("{8BC9CEB8-8B4A-11D0-8D11-00A0C91BC942}") = "MFCTreeCtrl", "MFCTreeCtrl.vcxproj", "{005F8E10-B185-4991-9B66-355E1EF9DB49}"
EndProject
Global
	GlobalSection(SolutionConfigurationPlatforms) = preSolution
		Debug|x64 = Debug|x64
		Debug|x86 = Debug|x86
		Release|x64 = Release|x64
		Release|x86 = Release|x86
	EndGlobalSection
	GlobalSection(ProjectConfigurationPlatforms) = postSolution
		{005F8E10-B185-4991-9B66-355E1EF9DB49}.Debug|x64.ActiveCfg = Debug|x64
		{005F8E10-B185-4991-9B66-355E1EF9DB49}.Debug|x64.Build.0 = Debug|x64
		{005F8E10-B185-4991-9B66-355E1EF9DB49}.Debug|x86.ActiveCfg = Debug|Win32
		{005F8E10-B185-4991-9B66-355E1EF9DB49}.Debug|x86.Build.0 = Debug|Win32
		{005F8E10-B185-4991-9B66-355E1EF9DB49}.Release|x64.ActiveCfg = Release|x64
		{005F8E10-B185-4991-9B66-355E1EF9DB49}.Release|x64.Build.0 = Release|x64
		{005F8E10-B185-4991-9B66-355E1EF9DB49}.Release|x86.ActiveCfg = Release|Win32
		{005F8E10-B185-4991-9B66-355E1EF9DB49}.Release|x86.Build.0 = Release|Win32
	EndGlobalSection
	GlobalSection(SolutionProperties) = preSolution
		HideSolutionNode = FALSE
	EndGlobalSection
	GlobalSection(ExtensibilityGlobals) = postSolution
		SolutionGuid = {78536C07-DE80-4E8F-BA8B-65FF420B2DE9}
	EndGlobalSection
EndGlobal
